
Microsoft Visual Studio Solution File, Format Version 12.00
# Visual Studio Version 16
VisualStudioVersion = 16.0.30804.86
MinimumVisualStudioVersion = 10.0.40219.1
Project("{FAE04EC0-301F-11D3-BF4B-00C04F79EFBC}") = "ReportingInMVC", "ReportingInMVC\ReportingInMVC.csproj", "{D2C7C8CC-2ABD-450A-932D-72A0D07806BB}"
EndProject
Global
	GlobalSection(SolutionConfigurationPlatforms) = preSolution
		Debug|Any CPU = Debug|Any CPU
		Release|Any CPU = Release|Any CPU
	EndGlobalSection
	GlobalSection(ProjectConfigurationPlatforms) = postSolution
		{D2C7C8CC-2ABD-450A-932D-72A0D07806BB}.Debug|Any CPU.ActiveCfg = Debug|Any CPU
		{D2C7C8CC-2ABD-450A-932D-72A0D07806BB}.Debug|Any CPU.Build.0 = Debug|Any CPU
		{D2C7C8CC-2ABD-450A-932D-72A0D07806BB}.Release|Any CPU.ActiveCfg = Release|Any CPU
		{D2C7C8CC-2ABD-450A-932D-72A0D07806BB}.Release|Any CPU.Build.0 = Release|Any CPU
	EndGlobalSection
	GlobalSection(SolutionProperties) = preSolution
		HideSolutionNode = FALSE
	EndGlobalSection
	GlobalSection(ExtensibilityGlobals) = postSolution
		SolutionGuid = {B01A9C71-2119-44B1-8F54-E578B3D4EBB7}
	EndGlobalSection
EndGlobal
